PODS:
  - AdFooter (7.69.0)
  - ChameleonFramework/Default (2.1.0)
  - ChameleonFramework/Swift (2.1.0):
    - ChameleonFramework/Default
  - Eureka (4.3.1)
  - IoniconsKit (1.1.0)
  - PKHUD (5.2.1)
  - ReSwift (4.0.0)
  - RFAboutView-Swift (2.0.4)
  - RxCocoa (4.5.0):
    - RxSwift (>= 4.4.2, ~> 4.4)
  - RxSwift (4.5.0)
  - SnapKit (4.2.0)

DEPENDENCIES:
  - AdFooter (from `https://gitlab.com/tnantoka/AdFooter.git`, commit `58d873b20ecc3f95cbb5b5801a7fce8578753568`)
  - ChameleonFramework/Swift (from `https://github.com/redroostertech/Chameleon`, commit `56f36fbc69ad6389243f556a1faed4581f4e1df6`)
  - Eureka (= 4.3.1)
  - IoniconsKit (from `https://github.com/anzfactory/IoniconsKit.git`)
  - PKHUD (= 5.2.1)
  - ReSwift
  - RFAboutView-Swift (from `https://github.com/arno608rw/RFAboutView-Swift.git`)
  - RxCocoa (= 4.5.0)
  - RxSwift (= 4.5.0)
  - SnapKit (= 4.2.0)

SPEC REPOS:
  trunk:
    - Eureka
    - PKHUD
    - ReSwift
    - RxCocoa
    - RxSwift
    - SnapKit

EXTERNAL SOURCES:
  AdFooter:
    :commit: 58d873b20ecc3f95cbb5b5801a7fce8578753568
    :git: https://gitlab.com/tnantoka/AdFooter.git
  ChameleonFramework:
    :commit: 56f36fbc69ad6389243f556a1faed4581f4e1df6
    :git: https://github.com/redroostertech/Chameleon
  IoniconsKit:
    :git: https://github.com/anzfactory/IoniconsKit.git
  RFAboutView-Swift:
    :git: https://github.com/arno608rw/RFAboutView-Swift.git

CHECKOUT OPTIONS:
  AdFooter:
    :commit: 58d873b20ecc3f95cbb5b5801a7fce8578753568
    :git: https://gitlab.com/tnantoka/AdFooter.git
  ChameleonFramework:
    :commit: 56f36fbc69ad6389243f556a1faed4581f4e1df6
    :git: https://github.com/redroostertech/Chameleon
  IoniconsKit:
    :commit: 1a79623d0e06d013b69b26745cac3c058db93048
    :git: https://github.com/anzfactory/IoniconsKit.git
  RFAboutView-Swift:
    :commit: 260cde48e46d3e3d598904cb1807ccef894898fe
    :git: https://github.com/arno608rw/RFAboutView-Swift.git

SPEC CHECKSUMS:
  AdFooter: 162feea90beaede76145f33f8db9156a450fd2f6
  ChameleonFramework: d21a3cc247abfe5e37609a283a8238b03575cf64
  Eureka: 28ea296f06710f6745266b71f17862048941a32d
  IoniconsKit: 11e04bb11af3d052bcdd34a837e0421affe6f3bd
  PKHUD: 4e6162c4c39ac367c6934e9855c6b4762ee16256
  ReSwift: f058ef13b46ae5f463f10605ccbbb7fb04424d8d
  RFAboutView-Swift: 18064d3562583684d7d3d345061db91ce5def75c
  RxCocoa: cbf70265dc65a981d4ac982e513c10cf23df24a0
  RxSwift: f172070dfd1a93d70a9ab97a5a01166206e1c575
  SnapKit: fe8a619752f3f27075cc9a90244d75c6c3f27e2a

PODFILE CHECKSUM: 7926ef89b997c08af7dffae341ccd508ce955df7

COCOAPODS: 1.11.3
